
Microsoft Visual Studio Solution File, Format Version 12.00
# Visual Studio 14
VisualStudioVersion = 14.0.25420.1
MinimumVisualStudioVersion = 10.0.40219.1
Project("{FAE04EC0-301F-11D3-BF4B-00C04F79EFBC}") = "1-Nuñez_Torrez-5", "1-Nuñez_Torrez-5\1-Nuñez_Torrez-5.csproj", "{D6B78501-433E-411B-961E-30D6E11039CB}"
EndProject
Global
	GlobalSection(SolutionConfigurationPlatforms) = preSolution
		Debug|Any CPU = Debug|Any CPU
		Release|Any CPU = Release|Any CPU
	EndGlobalSection
	GlobalSection(ProjectConfigurationPlatforms) = postSolution
		{D6B78501-433E-411B-961E-30D6E11039CB}.Debug|Any CPU.ActiveCfg = Debug|Any CPU
		{D6B78501-433E-411B-961E-30D6E11039CB}.Debug|Any CPU.Build.0 = Debug|Any CPU
		{D6B78501-433E-411B-961E-30D6E11039CB}.Release|Any CPU.ActiveCfg = Release|Any CPU
		{D6B78501-433E-411B-961E-30D6E11039CB}.Release|Any CPU.Build.0 = Release|Any CPU
	EndGlobalSection
	GlobalSection(SolutionProperties) = preSolution
		HideSolutionNode = FALSE
	EndGlobalSection
EndGlobal
